
Microsoft Visual Studio Solution File, Format Version 12.00
Project("{FAE04EC0-301F-11D3-BF4B-00C04F79EFBC}") = "Force-Studio-Task-1", "Force-Studio-Task-1\Force-Studio-Task-1.csproj", "{2BEAD54F-227B-408F-9B84-25AB6F2BEAEF}"
EndProject
Global
	GlobalSection(SolutionConfigurationPlatforms) = preSolution
		Debug|Any CPU = Debug|Any CPU
		Release|Any CPU = Release|Any CPU
	EndGlobalSection
	GlobalSection(ProjectConfigurationPlatforms) = postSolution
		{2BEAD54F-227B-408F-9B84-25AB6F2BEAEF}.Debug|Any CPU.ActiveCfg = Debug|Any CPU
		{2BEAD54F-227B-408F-9B84-25AB6F2BEAEF}.Debug|Any CPU.Build.0 = Debug|Any CPU
		{2BEAD54F-227B-408F-9B84-25AB6F2BEAEF}.Release|Any CPU.ActiveCfg = Release|Any CPU
		{2BEAD54F-227B-408F-9B84-25AB6F2BEAEF}.Release|Any CPU.Build.0 = Release|Any CPU
	EndGlobalSection
EndGlobal
